---
mruby:
  version: 3.0.0
  release_no: 30000
builds:
  macos-arm64:
    https://github.com/iij/mruby-dir.git:
      url: https://github.com/iij/mruby-dir.git
      branch: HEAD
      commit: 89dceefa1250fb1ae868d4cb52498e9e24293cd1
      version: 0.0.0
    https://github.com/iij/mruby-iijson.git:
      url: https://github.com/iij/mruby-iijson.git
      branch: HEAD
      commit: c5e730c30090d3cddae258f57ab9508edb3e9fce
      version: 0.0.0
  macos-x86_64:
    https://github.com/iij/mruby-dir.git:
      url: https://github.com/iij/mruby-dir.git
      branch: HEAD
      commit: 89dceefa1250fb1ae868d4cb52498e9e24293cd1
      version: 0.0.0
    https://github.com/iij/mruby-iijson.git:
      url: https://github.com/iij/mruby-iijson.git
      branch: HEAD
      commit: c5e730c30090d3cddae258f57ab9508edb3e9fce
      version: 0.0.0
